
Microsoft Visual Studio Solution File, Format Version 12.00
# Visual Studio 15
VisualStudioVersion = 15.0.26430.16
MinimumVisualStudioVersion = 10.0.40219.1
Project("{FAE04EC0-301F-11D3-BF4B-00C04F79EFBC}") = "01.WeekDay", "01.WeekDay\01.WeekDay.csproj", "{A01D45C8-88FB-4C85-BB9A-2B4F310F3203}"
EndProject
Project("{FAE04EC0-301F-11D3-BF4B-00C04F79EFBC}") = "02.CoffeeMachine", "02.CoffeeMachine\02.CoffeeMachine.csproj", "{193AF9E1-9CC0-440D-AFCD-3670EBAC75DE}"
EndProject
Project("{FAE04EC0-301F-11D3-BF4B-00C04F79EFBC}") = "03.CreateAttribute", "03.CreateAttribute\03.CreateAttribute.csproj", "{B67D22D5-2CE9-4479-899B-D7E98ACEE190}"
EndProject
Global
	GlobalSection(SolutionConfigurationPlatforms) = preSolution
		Debug|Any CPU = Debug|Any CPU
		Release|Any CPU = Release|Any CPU
	EndGlobalSection
	GlobalSection(ProjectConfigurationPlatforms) = postSolution
		{A01D45C8-88FB-4C85-BB9A-2B4F310F3203}.Debug|Any CPU.ActiveCfg = Debug|Any CPU
		{A01D45C8-88FB-4C85-BB9A-2B4F310F3203}.Debug|Any CPU.Build.0 = Debug|Any CPU
		{A01D45C8-88FB-4C85-BB9A-2B4F310F3203}.Release|Any CPU.ActiveCfg = Release|Any CPU
		{A01D45C8-88FB-4C85-BB9A-2B4F310F3203}.Release|Any CPU.Build.0 = Release|Any CPU
		{193AF9E1-9CC0-440D-AFCD-3670EBAC75DE}.Debug|Any CPU.ActiveCfg = Debug|Any CPU
		{193AF9E1-9CC0-440D-AFCD-3670EBAC75DE}.Debug|Any CPU.Build.0 = Debug|Any CPU
		{193AF9E1-9CC0-440D-AFCD-3670EBAC75DE}.Release|Any CPU.ActiveCfg = Release|Any CPU
		{193AF9E1-9CC0-440D-AFCD-3670EBAC75DE}.Release|Any CPU.Build.0 = Release|Any CPU
		{B67D22D5-2CE9-4479-899B-D7E98ACEE190}.Debug|Any CPU.ActiveCfg = Debug|Any CPU
		{B67D22D5-2CE9-4479-899B-D7E98ACEE190}.Debug|Any CPU.Build.0 = Debug|Any CPU
		{B67D22D5-2CE9-4479-899B-D7E98ACEE190}.Release|Any CPU.ActiveCfg = Release|Any CPU
		{B67D22D5-2CE9-4479-899B-D7E98ACEE190}.Release|Any CPU.Build.0 = Release|Any CPU
	EndGlobalSection
	GlobalSection(SolutionProperties) = preSolution
		HideSolutionNode = FALSE
	EndGlobalSection
EndGlobal
