
Microsoft Visual Studio Solution File, Format Version 12.00
# Visual Studio 15
VisualStudioVersion = 15.0.26430.16
MinimumVisualStudioVersion = 10.0.40219.1
Project("{FAE04EC0-301F-11D3-BF4B-00C04F79EFBC}") = "01.ListyIterator", "01.ListyIterator\01.ListyIterator.csproj", "{5ED75244-270D-4986-AF4C-AC4B38A9E165}"
EndProject
Project("{FAE04EC0-301F-11D3-BF4B-00C04F79EFBC}") = "3.Stack", "3.Stack\3.Stack.csproj", "{0F010C9D-AC09-4444-9B11-DAE4E2864A6A}"
EndProject
Project("{FAE04EC0-301F-11D3-BF4B-00C04F79EFBC}") = "04.Froggy", "04.Froggy\04.Froggy.csproj", "{6F77F769-9E56-49A2-B17B-A652EE79479F}"
EndProject
Project("{FAE04EC0-301F-11D3-BF4B-00C04F79EFBC}") = "05.ComparingObjects", "05.ComparingObjects\05.ComparingObjects.csproj", "{2949496A-9188-4CFA-BA7A-27D7F1E9C048}"
EndProject
Project("{FAE04EC0-301F-11D3-BF4B-00C04F79EFBC}") = "06.StrategyPattern", "06.StrategyPattern\06.StrategyPattern.csproj", "{060C6923-DB28-443B-A6D3-6CCD339B2281}"
EndProject
Project("{FAE04EC0-301F-11D3-BF4B-00C04F79EFBC}") = "08.PetClinic", "08.PetClinic\08.PetClinic.csproj", "{5997BB64-A7B9-43F4-AD0A-9EEA2FB60F04}"
EndProject
Project("{FAE04EC0-301F-11D3-BF4B-00C04F79EFBC}") = "09.LinkedList", "09.LinkedList\09.LinkedList.csproj", "{1AA1285D-4C6E-4DEC-AEEF-51403B5806F3}"
EndProject
Global
	GlobalSection(SolutionConfigurationPlatforms) = preSolution
		Debug|Any CPU = Debug|Any CPU
		Release|Any CPU = Release|Any CPU
	EndGlobalSection
	GlobalSection(ProjectConfigurationPlatforms) = postSolution
		{5ED75244-270D-4986-AF4C-AC4B38A9E165}.Debug|Any CPU.ActiveCfg = Debug|Any CPU
		{5ED75244-270D-4986-AF4C-AC4B38A9E165}.Debug|Any CPU.Build.0 = Debug|Any CPU
		{5ED75244-270D-4986-AF4C-AC4B38A9E165}.Release|Any CPU.ActiveCfg = Release|Any CPU
		{5ED75244-270D-4986-AF4C-AC4B38A9E165}.Release|Any CPU.Build.0 = Release|Any CPU
		{0F010C9D-AC09-4444-9B11-DAE4E2864A6A}.Debug|Any CPU.ActiveCfg = Debug|Any CPU
		{0F010C9D-AC09-4444-9B11-DAE4E2864A6A}.Debug|Any CPU.Build.0 = Debug|Any CPU
		{0F010C9D-AC09-4444-9B11-DAE4E2864A6A}.Release|Any CPU.ActiveCfg = Release|Any CPU
		{0F010C9D-AC09-4444-9B11-DAE4E2864A6A}.Release|Any CPU.Build.0 = Release|Any CPU
		{6F77F769-9E56-49A2-B17B-A652EE79479F}.Debug|Any CPU.ActiveCfg = Debug|Any CPU
		{6F77F769-9E56-49A2-B17B-A652EE79479F}.Debug|Any CPU.Build.0 = Debug|Any CPU
		{6F77F769-9E56-49A2-B17B-A652EE79479F}.Release|Any CPU.ActiveCfg = Release|Any CPU
		{6F77F769-9E56-49A2-B17B-A652EE79479F}.Release|Any CPU.Build.0 = Release|Any CPU
		{2949496A-9188-4CFA-BA7A-27D7F1E9C048}.Debug|Any CPU.ActiveCfg = Debug|Any CPU
		{2949496A-9188-4CFA-BA7A-27D7F1E9C048}.Debug|Any CPU.Build.0 = Debug|Any CPU
		{2949496A-9188-4CFA-BA7A-27D7F1E9C048}.Release|Any CPU.ActiveCfg = Release|Any CPU
		{2949496A-9188-4CFA-BA7A-27D7F1E9C048}.Release|Any CPU.Build.0 = Release|Any CPU
		{060C6923-DB28-443B-A6D3-6CCD339B2281}.Debug|Any CPU.ActiveCfg = Debug|Any CPU
		{060C6923-DB28-443B-A6D3-6CCD339B2281}.Debug|Any CPU.Build.0 = Debug|Any CPU
		{060C6923-DB28-443B-A6D3-6CCD339B2281}.Release|Any CPU.ActiveCfg = Release|Any CPU
		{060C6923-DB28-443B-A6D3-6CCD339B2281}.Release|Any CPU.Build.0 = Release|Any CPU
		{5997BB64-A7B9-43F4-AD0A-9EEA2FB60F04}.Debug|Any CPU.ActiveCfg = Debug|Any CPU
		{5997BB64-A7B9-43F4-AD0A-9EEA2FB60F04}.Debug|Any CPU.Build.0 = Debug|Any CPU
		{5997BB64-A7B9-43F4-AD0A-9EEA2FB60F04}.Release|Any CPU.ActiveCfg = Release|Any CPU
		{5997BB64-A7B9-43F4-AD0A-9EEA2FB60F04}.Release|Any CPU.Build.0 = Release|Any CPU
		{1AA1285D-4C6E-4DEC-AEEF-51403B5806F3}.Debug|Any CPU.ActiveCfg = Debug|Any CPU
		{1AA1285D-4C6E-4DEC-AEEF-51403B5806F3}.Debug|Any CPU.Build.0 = Debug|Any CPU
		{1AA1285D-4C6E-4DEC-AEEF-51403B5806F3}.Release|Any CPU.ActiveCfg = Release|Any CPU
		{1AA1285D-4C6E-4DEC-AEEF-51403B5806F3}.Release|Any CPU.Build.0 = Release|Any CPU
	EndGlobalSection
	GlobalSection(SolutionProperties) = preSolution
		HideSolutionNode = FALSE
	EndGlobalSection
EndGlobal
