
Microsoft Visual Studio Solution File, Format Version 12.00
# Visual Studio 15
VisualStudioVersion = 15.0.26430.16
MinimumVisualStudioVersion = 10.0.40219.1
Project("{FAE04EC0-301F-11D3-BF4B-00C04F79EFBC}") = "1-2Person", "1-2Person\1-2Person.csproj", "{B37F2828-C98B-4391-86F4-E8D494AD920B}"
EndProject
Project("{FAE04EC0-301F-11D3-BF4B-00C04F79EFBC}") = "3.Ferari", "3.Ferari\3.Ferari.csproj", "{CD1ADDD6-CCF7-418A-8552-DF6CEFA7949B}"
EndProject
Project("{FAE04EC0-301F-11D3-BF4B-00C04F79EFBC}") = "4.Telephony", "4.Telephony\4.Telephony.csproj", "{4ECE5461-2394-4CC9-B9D4-C16D05EF6FD2}"
EndProject
Project("{FAE04EC0-301F-11D3-BF4B-00C04F79EFBC}") = "Border", "Border\Border.csproj", "{5F9DE686-70C3-4940-845F-A72F8782D884}"
EndProject
Project("{FAE04EC0-301F-11D3-BF4B-00C04F79EFBC}") = "7.FoodShortage", "7.FoodShortage\7.FoodShortage.csproj", "{2C049687-B196-486A-BCA4-BA8DC3459E4B}"
EndProject
Project("{FAE04EC0-301F-11D3-BF4B-00C04F79EFBC}") = "8.MilitaryElite", "8.MilitaryElite\8.MilitaryElite.csproj", "{59A548C1-FB6E-4137-88C7-EDFFF54FA03A}"
EndProject
Project("{FAE04EC0-301F-11D3-BF4B-00C04F79EFBC}") = "10.ExplicitInterfaces", "10.ExplicitInterfaces\10.ExplicitInterfaces.csproj", "{03A6CF10-D7BE-489D-9BA1-B4BE5F7AB6E3}"
EndProject
Global
	GlobalSection(SolutionConfigurationPlatforms) = preSolution
		Debug|Any CPU = Debug|Any CPU
		Release|Any CPU = Release|Any CPU
	EndGlobalSection
	GlobalSection(ProjectConfigurationPlatforms) = postSolution
		{B37F2828-C98B-4391-86F4-E8D494AD920B}.Debug|Any CPU.ActiveCfg = Debug|Any CPU
		{B37F2828-C98B-4391-86F4-E8D494AD920B}.Debug|Any CPU.Build.0 = Debug|Any CPU
		{B37F2828-C98B-4391-86F4-E8D494AD920B}.Release|Any CPU.ActiveCfg = Release|Any CPU
		{B37F2828-C98B-4391-86F4-E8D494AD920B}.Release|Any CPU.Build.0 = Release|Any CPU
		{CD1ADDD6-CCF7-418A-8552-DF6CEFA7949B}.Debug|Any CPU.ActiveCfg = Debug|Any CPU
		{CD1ADDD6-CCF7-418A-8552-DF6CEFA7949B}.Debug|Any CPU.Build.0 = Debug|Any CPU
		{CD1ADDD6-CCF7-418A-8552-DF6CEFA7949B}.Release|Any CPU.ActiveCfg = Release|Any CPU
		{CD1ADDD6-CCF7-418A-8552-DF6CEFA7949B}.Release|Any CPU.Build.0 = Release|Any CPU
		{4ECE5461-2394-4CC9-B9D4-C16D05EF6FD2}.Debug|Any CPU.ActiveCfg = Debug|Any CPU
		{4ECE5461-2394-4CC9-B9D4-C16D05EF6FD2}.Debug|Any CPU.Build.0 = Debug|Any CPU
		{4ECE5461-2394-4CC9-B9D4-C16D05EF6FD2}.Release|Any CPU.ActiveCfg = Release|Any CPU
		{4ECE5461-2394-4CC9-B9D4-C16D05EF6FD2}.Release|Any CPU.Build.0 = Release|Any CPU
		{5F9DE686-70C3-4940-845F-A72F8782D884}.Debug|Any CPU.ActiveCfg = Debug|Any CPU
		{5F9DE686-70C3-4940-845F-A72F8782D884}.Debug|Any CPU.Build.0 = Debug|Any CPU
		{5F9DE686-70C3-4940-845F-A72F8782D884}.Release|Any CPU.ActiveCfg = Release|Any CPU
		{5F9DE686-70C3-4940-845F-A72F8782D884}.Release|Any CPU.Build.0 = Release|Any CPU
		{2C049687-B196-486A-BCA4-BA8DC3459E4B}.Debug|Any CPU.ActiveCfg = Debug|Any CPU
		{2C049687-B196-486A-BCA4-BA8DC3459E4B}.Debug|Any CPU.Build.0 = Debug|Any CPU
		{2C049687-B196-486A-BCA4-BA8DC3459E4B}.Release|Any CPU.ActiveCfg = Release|Any CPU
		{2C049687-B196-486A-BCA4-BA8DC3459E4B}.Release|Any CPU.Build.0 = Release|Any CPU
		{59A548C1-FB6E-4137-88C7-EDFFF54FA03A}.Debug|Any CPU.ActiveCfg = Debug|Any CPU
		{59A548C1-FB6E-4137-88C7-EDFFF54FA03A}.Debug|Any CPU.Build.0 = Debug|Any CPU
		{59A548C1-FB6E-4137-88C7-EDFFF54FA03A}.Release|Any CPU.ActiveCfg = Release|Any CPU
		{59A548C1-FB6E-4137-88C7-EDFFF54FA03A}.Release|Any CPU.Build.0 = Release|Any CPU
		{03A6CF10-D7BE-489D-9BA1-B4BE5F7AB6E3}.Debug|Any CPU.ActiveCfg = Debug|Any CPU
		{03A6CF10-D7BE-489D-9BA1-B4BE5F7AB6E3}.Debug|Any CPU.Build.0 = Debug|Any CPU
		{03A6CF10-D7BE-489D-9BA1-B4BE5F7AB6E3}.Release|Any CPU.ActiveCfg = Release|Any CPU
		{03A6CF10-D7BE-489D-9BA1-B4BE5F7AB6E3}.Release|Any CPU.Build.0 = Release|Any CPU
	EndGlobalSection
	GlobalSection(SolutionProperties) = preSolution
		HideSolutionNode = FALSE
	EndGlobalSection
EndGlobal
