
Microsoft Visual Studio Solution File, Format Version 12.00
# Visual Studio 15
VisualStudioVersion = 15.0.26430.16
MinimumVisualStudioVersion = 10.0.40219.1
Project("{FAE04EC0-301F-11D3-BF4B-00C04F79EFBC}") = "01.EventImplementation", "01.EventImplementation\01.EventImplementation.csproj", "{1889FF5E-5599-477F-9C05-14D70E165E7B}"
EndProject
Project("{FAE04EC0-301F-11D3-BF4B-00C04F79EFBC}") = "02.KingsGambit", "02.KingsGambit\02.KingsGambit.csproj", "{0D89B8A7-86AC-47F5-BDD1-A6E341E6C995}"
EndProject
Project("{FAE04EC0-301F-11D3-BF4B-00C04F79EFBC}") = "03.DependencyInversion", "03.DependencyInversion\03.DependencyInversion.csproj", "{D97CE56C-DFEC-4E3B-8603-9DA5185C61EF}"
EndProject
Project("{FAE04EC0-301F-11D3-BF4B-00C04F79EFBC}") = "04.WorkForce", "03.WorkForce\04.WorkForce.csproj", "{689E9BFC-F11E-4893-AE97-0E629437A11D}"
EndProject
Global
	GlobalSection(SolutionConfigurationPlatforms) = preSolution
		Debug|Any CPU = Debug|Any CPU
		Release|Any CPU = Release|Any CPU
	EndGlobalSection
	GlobalSection(ProjectConfigurationPlatforms) = postSolution
		{1889FF5E-5599-477F-9C05-14D70E165E7B}.Debug|Any CPU.ActiveCfg = Debug|Any CPU
		{1889FF5E-5599-477F-9C05-14D70E165E7B}.Debug|Any CPU.Build.0 = Debug|Any CPU
		{1889FF5E-5599-477F-9C05-14D70E165E7B}.Release|Any CPU.ActiveCfg = Release|Any CPU
		{1889FF5E-5599-477F-9C05-14D70E165E7B}.Release|Any CPU.Build.0 = Release|Any CPU
		{0D89B8A7-86AC-47F5-BDD1-A6E341E6C995}.Debug|Any CPU.ActiveCfg = Debug|Any CPU
		{0D89B8A7-86AC-47F5-BDD1-A6E341E6C995}.Debug|Any CPU.Build.0 = Debug|Any CPU
		{0D89B8A7-86AC-47F5-BDD1-A6E341E6C995}.Release|Any CPU.ActiveCfg = Release|Any CPU
		{0D89B8A7-86AC-47F5-BDD1-A6E341E6C995}.Release|Any CPU.Build.0 = Release|Any CPU
		{D97CE56C-DFEC-4E3B-8603-9DA5185C61EF}.Debug|Any CPU.ActiveCfg = Debug|Any CPU
		{D97CE56C-DFEC-4E3B-8603-9DA5185C61EF}.Debug|Any CPU.Build.0 = Debug|Any CPU
		{D97CE56C-DFEC-4E3B-8603-9DA5185C61EF}.Release|Any CPU.ActiveCfg = Release|Any CPU
		{D97CE56C-DFEC-4E3B-8603-9DA5185C61EF}.Release|Any CPU.Build.0 = Release|Any CPU
		{689E9BFC-F11E-4893-AE97-0E629437A11D}.Debug|Any CPU.ActiveCfg = Debug|Any CPU
		{689E9BFC-F11E-4893-AE97-0E629437A11D}.Debug|Any CPU.Build.0 = Debug|Any CPU
		{689E9BFC-F11E-4893-AE97-0E629437A11D}.Release|Any CPU.ActiveCfg = Release|Any CPU
		{689E9BFC-F11E-4893-AE97-0E629437A11D}.Release|Any CPU.Build.0 = Release|Any CPU
	EndGlobalSection
	GlobalSection(SolutionProperties) = preSolution
		HideSolutionNode = FALSE
	EndGlobalSection
EndGlobal
